{
  "name": "rdm-msg-str",
  "version": "1.0.0",
  "lockfileVersion": 2,
  "requires": true,
  "packages": {
    "": {
      "name": "rdm-msg-str",
      "version": "1.0.0",
      "license": "MIT",
      "dependencies": {
        "g": "^2.0.1",
        "rdm-msg-str": "^1.0.0"
      },
      "bin": {
        "rdm-str-msg": "bin/global.js"
      }
    },
    "node_modules/g": {
      "version": "2.0.1",
      "resolved": "https://registry.npmjs.org/g/-/g-2.0.1.tgz",
      "integrity": "sha512-Fi6Ng5fZ/ANLQ15H11hCe+09sgUoNvDEBevVgx3KoYOhsH5iLNPn54hx0jPZ+3oSWr+xajnp2Qau9VmPsc7hTA=="
    },
    "node_modules/rdm-msg-str": {
      "version": "1.0.0",
      "resolved": "https://registry.npmjs.org/rdm-msg-str/-/rdm-msg-str-1.0.0.tgz",
      "integrity": "sha512-uAtOGX4uFpriUvLyxwxupVwHL4+y0pxzjzuz1aekcxtS8fgfnkeC82So/JNUCa9NN/ch4wI/YZzdjOq2hUWjbA==",
      "dependencies": {
        "g": "^2.0.1"
      },
      "bin": {
        "rdm-str-msg": "bin/global.js"
      }
    }
  },
  "dependencies": {
    "g": {
      "version": "2.0.1",
      "resolved": "https://registry.npmjs.org/g/-/g-2.0.1.tgz",
      "integrity": "sha512-Fi6Ng5fZ/ANLQ15H11hCe+09sgUoNvDEBevVgx3KoYOhsH5iLNPn54hx0jPZ+3oSWr+xajnp2Qau9VmPsc7hTA=="
    },
    "rdm-msg-str": {
      "version": "1.0.0",
      "resolved": "https://registry.npmjs.org/rdm-msg-str/-/rdm-msg-str-1.0.0.tgz",
      "integrity": "sha512-uAtOGX4uFpriUvLyxwxupVwHL4+y0pxzjzuz1aekcxtS8fgfnkeC82So/JNUCa9NN/ch4wI/YZzdjOq2hUWjbA==",
      "requires": {
        "g": "^2.0.1"
      }
    }
  }
}
